// !$*UTF8*$!
{
	archiveVersion = 1;
	classes = {
	};
	objectVersion = 50;
	objects = {

/* Begin PBXBuildFile section */
		61A977FF24BE7DF000D99CEF /* AppDelegate.swift in Sources */ = {isa = PBXBuildFile; fileRef = 61A977FE24BE7DF000D99CEF /* AppDelegate.swift */; };
		61A9780124BE7DF000D99CEF /* SceneDelegate.swift in Sources */ = {isa = PBXBuildFile; fileRef = 61A9780024BE7DF000D99CEF /* SceneDelegate.swift */; };
		61A9780324BE7DF000D99CEF /* ViewController.swift in Sources */ = {isa = PBXBuildFile; fileRef = 61A9780224BE7DF000D99CEF /* ViewController.swift */; };
		61A9780624BE7DF000D99CEF /* Main.storyboard in Resources */ = {isa = PBXBuildFile; fileRef = 61A9780424BE7DF000D99CEF /* Main.storyboard */; };
		61A9780824BE7DF100D99CEF /* Assets.xcassets in Resources */ = {isa = PBXBuildFile; fileRef = 61A9780724BE7DF100D99CEF /* Assets.xcassets */; };
		61A9780B24BE7DF100D99CEF /* LaunchScreen.storyboard in Resources */ = {isa = PBXBuildFile; fileRef = 61A9780924BE7DF100D99CEF /* LaunchScreen.storyboard */; };
/* End PBXBuildFile section */

/* Begin PBXFileReference section */
		61A977FB24BE7DF000D99CEF /* LocationSearch.app */ = {isa = PBXFileReference; explicitFileType = wrapper.application; includeInIndex = 0; path = LocationSearch.app; sourceTree = BUILT_PRODUCTS_DIR; };
		61A977FE24BE7DF000D99CEF /* AppDelegate.swift */ = {isa = PBXFileReference; lastKnownFileType = sourcecode.swift; path = AppDelegate.swift; sourceTree = "<group>"; };
		61A9780024BE7DF000D99CEF /* SceneDelegate.swift */ = {isa = PBXFileReference; lastKnownFileType = sourcecode.swift; path = SceneDelegate.swift; sourceTree = "<group>"; };
		61A9780224BE7DF000D99CEF /* ViewController.swift */ = {isa = PBXFileReference; lastKnownFileType = sourcecode.swift; path = ViewController.swift; sourceTree = "<group>"; };
		61A9780524BE7DF000D99CEF /* Base */ = {isa = PBXFileReference; lastKnownFileType = file.storyboard; name = Base; path = Base.lproj/Main.storyboard; sourceTree = "<group>"; };
		61A9780724BE7DF100D99CEF /* Assets.xcassets */ = {isa = PBXFileReference; lastKnownFileType = folder.assetcatalog; path = Assets.xcassets; sourceTree = "<group>"; };
		61A9780A24BE7DF100D99CEF /* Base */ = {isa = PBXFileReference; lastKnownFileType = file.storyboard; name = Base; path = Base.lproj/LaunchScreen.storyboard; sourceTree = "<group>"; };
		61A9780C24BE7DF100D99CEF /* Info.plist */ = {isa = PBXFileReference; lastKnownFileType = text.plist.xml; path = Info.plist; sourceTree = "<group>"; };
/* End PBXFileReference section */

/* Begin PBXFrameworksBuildPhase section */
		61A977F824BE7DF000D99CEF /* Frameworks */ = {
			isa = PBXFrameworksBuildPhase;
			buildActionMask = 2147483647;
			files = (
			);
			runOnlyForDeploymentPostprocessing = 0;
		};
/* End PBXFrameworksBuildPhase section */

/* Begin PBXGroup section */
		61A977F224BE7DF000D99CEF = {
			isa = PBXGroup;
			children = (
				61A977FD24BE7DF000D99CEF /* LocationSearch */,
				61A977FC24BE7DF000D99CEF /* Products */,
			);
			sourceTree = "<group>";
		};
		61A977FC24BE7DF000D99CEF /* Products */ = {
			isa = PBXGroup;
			children = (
				61A977FB24BE7DF000D99CEF /* LocationSearch.app */,
			);
			name = Products;
			sourceTree = "<group>";
		};
		61A977FD24BE7DF000D99CEF /* LocationSearch */ = {
			isa = PBXGroup;
			children = (
				61A977FE24BE7DF000D99CEF /* AppDelegate.swift */,
				61A9780024BE7DF000D99CEF /* SceneDelegate.swift */,
				61A9780224BE7DF000D99CEF /* ViewController.swift */,
				61A9780424BE7DF000D99CEF /* Main.storyboard */,
				61A9780724BE7DF100D99CEF /* Assets.xcassets */,
				61A9780924BE7DF100D99CEF /* LaunchScreen.storyboard */,
				61A9780C24BE7DF100D99CEF /* Info.plist */,
			);
			path = LocationSearch;
			sourceTree = "<group>";
		};
/* End PBXGroup section */

/* Begin PBXNativeTarget section */
		61A977FA24BE7DF000D99CEF /* LocationSearch */ = {
			isa = PBXNativeTarget;
			buildConfigurationList = 61A9780F24BE7DF100D99CEF /* Build configuration list for PBXNativeTarget "LocationSearch" */;
			buildPhases = (
				61A977F724BE7DF000D99CEF /* Sources */,
				61A977F824BE7DF000D99CEF /* Frameworks */,
				61A977F924BE7DF000D99CEF /* Resources */,
			);
			buildRules = (
			);
			dependencies = (
			);
			name = LocationSearch;
			productName = LocationSearch;
			productReference = 61A977FB24BE7DF000D99CEF /* LocationSearch.app */;
			productType = "com.apple.product-type.application";
		};
/* End PBXNativeTarget section */

/* Begin PBXProject section */
		61A977F324BE7DF000D99CEF /* Project object */ = {
			isa = PBXProject;
			attributes = {
				LastSwiftUpdateCheck = 1150;
				LastUpgradeCheck = 1150;
				ORGANIZATIONNAME = codewalla;
				TargetAttributes = {
					61A977FA24BE7DF000D99CEF = {
						CreatedOnToolsVersion = 11.5;
					};
				};
			};
			buildConfigurationList = 61A977F624BE7DF000D99CEF /* Build configuration list for PBXProject "LocationSearch" */;
			compatibilityVersion = "Xcode 9.3";
			developmentRegion = en;
			hasScannedForEncodings = 0;
			knownRegions = (
				en,
				Base,
			);
			mainGroup = 61A977F224BE7DF000D99CEF;
			productRefGroup = 61A977FC24BE7DF000D99CEF /* Products */;
			projectDirPath = "";
			projectRoot = "";
			targets = (
				61A977FA24BE7DF000D99CEF /* LocationSearch */,
			);
		};
/* End PBXProject section */

/* Begin PBXResourcesBuildPhase section */
		61A977F924BE7DF000D99CEF /* Resources */ = {
			isa = PBXResourcesBuildPhase;
			buildActionMask = 2147483647;
			files = (
				61A9780B24BE7DF100D99CEF /* LaunchScreen.storyboard in Resources */,
				61A9780824BE7DF100D99CEF /* Assets.xcassets in Resources */,
				61A9780624BE7DF000D99CEF /* Main.storyboard in Resources */,
			);
			runOnlyForDeploymentPostprocessing = 0;
		};
/* End PBXResourcesBuildPhase section */

/* Begin PBXSourcesBuildPhase section */
		61A977F724BE7DF000D99CEF /* Sources */ = {
			isa = PBXSourcesBuildPhase;
			buildActionMask = 2147483647;
			files = (
				61A9780324BE7DF000D99CEF /* ViewController.swift in Sources */,
				61A977FF24BE7DF000D99CEF /* AppDelegate.swift in Sources */,
				61A9780124BE7DF000D99CEF /* SceneDelegate.swift in Sources */,
			);
			runOnlyForDeploymentPostprocessing = 0;
		};
/* End PBXSourcesBuildPhase section */

/* Begin PBXVariantGroup section */
		61A9780424BE7DF000D99CEF /* Main.storyboard */ = {
			isa = PBXVariantGroup;
			children = (
				61A9780524BE7DF000D99CEF /* Base */,
			);
			name = Main.storyboard;
			sourceTree = "<group>";
		};
		61A9780924BE7DF100D99CEF /* LaunchScreen.storyboard */ = {
			isa = PBXVariantGroup;
			children = (
				61A9780A24BE7DF100D99CEF /* Base */,
			);
			name = LaunchScreen.storyboard;
			sourceTree = "<group>";
		};
/* End PBXVariantGroup section */

/* Begin XCBuildConfiguration section */
		61A9780D24BE7DF100D99CEF /* Debug */ = {
			isa = XCBuildConfiguration;
			buildSettings = {
				ALWAYS_SEARCH_USER_PATHS = NO;
				CLANG_ANALYZER_NONNULL = YES;
				CLANG_ANALYZER_NUMBER_OBJECT_CONVERSION = YES_AGGRESSIVE;
				CLANG_CXX_LANGUAGE_STANDARD = "gnu++14";
				CLANG_CXX_LIBRARY = "libc++";
				CLANG_ENABLE_MODULES = YES;
				CLANG_ENABLE_OBJC_ARC = YES;
				CLANG_ENABLE_OBJC_WEAK = YES;
				CLANG_WARN_BLOCK_CAPTURE_AUTORELEASING = YES;
				CLANG_WARN_BOOL_CONVERSION = YES;
				CLANG_WARN_COMMA = YES;
				CLANG_WARN_CONSTANT_CONVERSION = YES;
				CLANG_WARN_DEPRECATED_OBJC_IMPLEMENTATIONS = YES;
				CLANG_WARN_DIRECT_OBJC_ISA_USAGE = YES_ERROR;
				CLANG_WARN_DOCUMENTATION_COMMENTS = YES;
				CLANG_WARN_EMPTY_BODY = YES;
				CLANG_WARN_ENUM_CONVERSION = YES;
				CLANG_WARN_INFINITE_RECURSION = YES;
				CLANG_WARN_INT_CONVERSION = YES;
				CLANG_WARN_NON_LITERAL_NULL_CONVERSION = YES;
				CLANG_WARN_OBJC_IMPLICIT_RETAIN_SELF = YES;
				CLANG_WARN_OBJC_LITERAL_CONVERSION = YES;
				CLANG_WARN_OBJC_ROOT_CLASS = YES_ERROR;
				CLANG_WARN_RANGE_LOOP_ANALYSIS = YES;
				CLANG_WARN_STRICT_PROTOTYPES = YES;
				CLANG_WARN_SUSPICIOUS_MOVE = YES;
				CLANG_WARN_UNGUARDED_AVAILABILITY = YES_AGGRESSIVE;
				CLANG_WARN_UNREACHABLE_CODE = YES;
				CLANG_WARN__DUPLICATE_METHOD_MATCH = YES;
				COPY_PHASE_STRIP = NO;
				DEBUG_INFORMATION_FORMAT = dwarf;
				ENABLE_STRICT_OBJC_MSGSEND = YES;
				ENABLE_TESTABILITY = YES;
				GCC_C_LANGUAGE_STANDARD = gnu11;
				GCC_DYNAMIC_NO_PIC = NO;
				GCC_NO_COMMON_BLOCKS = YES;
				GCC_OPTIMIZATION_LEVEL = 0;
				GCC_PREPROCESSOR_DEFINITIONS = (
					"DEBUG=1",
					"$(inherited)",
				);
				GCC_WARN_64_TO_32_BIT_CONVERSION = YES;
				GCC_WARN_ABOUT_RETURN_TYPE = YES_ERROR;
				GCC_WARN_UNDECLARED_SELECTOR = YES;
				GCC_WARN_UNINITIALIZED_AUTOS = YES_AGGRESSIVE;
				GCC_WARN_UNUSED_FUNCTION = YES;
				GCC_WARN_UNUSED_VARIABLE = YES;
				IPHONEOS_DEPLOYMENT_TARGET = 13.5;
				MTL_ENABLE_DEBUG_INFO = INCLUDE_SOURCE;
				MTL_FAST_MATH = YES;
				ONLY_ACTIVE_ARCH = YES;
				SDKROOT = iphoneos;
				SWIFT_ACTIVE_COMPILATION_CONDITIONS = DEBUG;
				SWIFT_OPTIMIZATION_LEVEL = "-Onone";
			};
			name = Debug;
		};
		61A9780E24BE7DF100D99CEF /* Release */ = {
			isa = XCBuildConfiguration;
			buildSettings = {
				ALWAYS_SEARCH_USER_PATHS = NO;
				CLANG_ANALYZER_NONNULL = YES;
				CLANG_ANALYZER_NUMBER_OBJECT_CONVERSION = YES_AGGRESSIVE;
				CLANG_CXX_LANGUAGE_STANDARD = "gnu++14";
				CLANG_CXX_LIBRARY = "libc++";
				CLANG_ENABLE_MODULES = YES;
				CLANG_ENABLE_OBJC_ARC = YES;
				CLANG_ENABLE_OBJC_WEAK = YES;
				CLANG_WARN_BLOCK_CAPTURE_AUTORELEASING = YES;
				CLANG_WARN_BOOL_CONVERSION = YES;
				CLANG_WARN_COMMA = YES;
				CLANG_WARN_CONSTANT_CONVERSION = YES;
				CLANG_WARN_DEPRECATED_OBJC_IMPLEMENTATIONS = YES;
				CLANG_WARN_DIRECT_OBJC_ISA_USAGE = YES_ERROR;
				CLANG_WARN_DOCUMENTATION_COMMENTS = YES;
				CLANG_WARN_EMPTY_BODY = YES;
				CLANG_WARN_ENUM_CONVERSION = YES;
				CLANG_WARN_INFINITE_RECURSION = YES;
				CLANG_WARN_INT_CONVERSION = YES;
				CLANG_WARN_NON_LITERAL_NULL_CONVERSION = YES;
				CLANG_WARN_OBJC_IMPLICIT_RETAIN_SELF = YES;
				CLANG_WARN_OBJC_LITERAL_CONVERSION = YES;
				CLANG_WARN_OBJC_ROOT_CLASS = YES_ERROR;
				CLANG_WARN_RANGE_LOOP_ANALYSIS = YES;
				CLANG_WARN_STRICT_PROTOTYPES = YES;
				CLANG_WARN_SUSPICIOUS_MOVE = YES;
				CLANG_WARN_UNGUARDED_AVAILABILITY = YES_AGGRESSIVE;
				CLANG_WARN_UNREACHABLE_CODE = YES;
				CLANG_WARN__DUPLICATE_METHOD_MATCH = YES;
				COPY_PHASE_STRIP = NO;
				DEBUG_INFORMATION_FORMAT = "dwarf-with-dsym";
				ENABLE_NS_ASSERTIONS = NO;
				ENABLE_STRICT_OBJC_MSGSEND = YES;
				GCC_C_LANGUAGE_STANDARD = gnu11;
				GCC_NO_COMMON_BLOCKS = YES;
				GCC_WARN_64_TO_32_BIT_CONVERSION = YES;
				GCC_WARN_ABOUT_RETURN_TYPE = YES_ERROR;
				GCC_WARN_UNDECLARED_SELECTOR = YES;
				GCC_WARN_UNINITIALIZED_AUTOS = YES_AGGRESSIVE;
				GCC_WARN_UNUSED_FUNCTION = YES;
				GCC_WARN_UNUSED_VARIABLE = YES;
				IPHONEOS_DEPLOYMENT_TARGET = 13.5;
				MTL_ENABLE_DEBUG_INFO = NO;
				MTL_FAST_MATH = YES;
				SDKROOT = iphoneos;
				SWIFT_COMPILATION_MODE = wholemodule;
				SWIFT_OPTIMIZATION_LEVEL = "-O";
				VALIDATE_PRODUCT = YES;
			};
			name = Release;
		};
		61A9781024BE7DF100D99CEF /* Debug */ = {
			isa = XCBuildConfiguration;
			buildSettings = {
				ASSETCATALOG_COMPILER_APPICON_NAME = AppIcon;
				CODE_SIGN_STYLE = Automatic;
				DEVELOPMENT_TEAM = E643U2KPYB;
				INFOPLIST_FILE = LocationSearch/Info.plist;
				LD_RUNPATH_SEARCH_PATHS = (
					"$(inherited)",
					"@executable_path/Frameworks",
				);
				PRODUCT_BUNDLE_IDENTIFIER = com.codewalla.LocationSearch;
				PRODUCT_NAME = "$(TARGET_NAME)";
				SWIFT_VERSION = 5.0;
				TARGETED_DEVICE_FAMILY = "1,2";
			};
			name = Debug;
		};
		61A9781124BE7DF100D99CEF /* Release */ = {
			isa = XCBuildConfiguration;
			buildSettings = {
				ASSETCATALOG_COMPILER_APPICON_NAME = AppIcon;
				CODE_SIGN_STYLE = Automatic;
				DEVELOPMENT_TEAM = E643U2KPYB;
				INFOPLIST_FILE = LocationSearch/Info.plist;
				LD_RUNPATH_SEARCH_PATHS = (
					"$(inherited)",
					"@executable_path/Frameworks",
				);
				PRODUCT_BUNDLE_IDENTIFIER = com.codewalla.LocationSearch;
				PRODUCT_NAME = "$(TARGET_NAME)";
				SWIFT_VERSION = 5.0;
				TARGETED_DEVICE_FAMILY = "1,2";
			};
			name = Release;
		};
/* End XCBuildConfiguration section */

/* Begin XCConfigurationList section */
		61A977F624BE7DF000D99CEF /* Build configuration list for PBXProject "LocationSearch" */ = {
			isa = XCConfigurationList;
			buildConfigurations = (
				61A9780D24BE7DF100D99CEF /* Debug */,
				61A9780E24BE7DF100D99CEF /* Release */,
			);
			defaultConfigurationIsVisible = 0;
			defaultConfigurationName = Release;
		};
		61A9780F24BE7DF100D99CEF /* Build configuration list for PBXNativeTarget "LocationSearch" */ = {
			isa = XCConfigurationList;
			buildConfigurations = (
				61A9781024BE7DF100D99CEF /* Debug */,
				61A9781124BE7DF100D99CEF /* Release */,
			);
			defaultConfigurationIsVisible = 0;
			defaultConfigurationName = Release;
		};
/* End XCConfigurationList section */
	};
	rootObject = 61A977F324BE7DF000D99CEF /* Project object */;
}
